
Microsoft Visual Studio Solution File, Format Version 12.00
# Visual Studio Version 16
VisualStudioVersion = 16.0.30907.101
MinimumVisualStudioVersion = 10.0.40219.1
Project("{FAE04EC0-301F-11D3-BF4B-00C04F79EFBC}") = "Zadanie1", "Zadanie\Zadanie1.csproj", "{0D470F3E-E8F3-4CAD-868E-85F06CD09EF1}"
EndProject
Project("{FAE04EC0-301F-11D3-BF4B-00C04F79EFBC}") = "Zadanie2", "Zadanie1\Zadanie2.csproj", "{B368D634-62CC-431F-BFAF-C26AB34398EC}"
EndProject
Project("{FAE04EC0-301F-11D3-BF4B-00C04F79EFBC}") = "Zadanie3", "Zadanie2\Zadanie3.csproj", "{05351AEC-1A45-49E5-BD2C-C32C47D11538}"
EndProject
Global
	GlobalSection(SolutionConfigurationPlatforms) = preSolution
		Debug|Any CPU = Debug|Any CPU
		Release|Any CPU = Release|Any CPU
	EndGlobalSection
	GlobalSection(ProjectConfigurationPlatforms) = postSolution
		{0D470F3E-E8F3-4CAD-868E-85F06CD09EF1}.Debug|Any CPU.ActiveCfg = Debug|Any CPU
		{0D470F3E-E8F3-4CAD-868E-85F06CD09EF1}.Debug|Any CPU.Build.0 = Debug|Any CPU
		{0D470F3E-E8F3-4CAD-868E-85F06CD09EF1}.Release|Any CPU.ActiveCfg = Release|Any CPU
		{0D470F3E-E8F3-4CAD-868E-85F06CD09EF1}.Release|Any CPU.Build.0 = Release|Any CPU
		{B368D634-62CC-431F-BFAF-C26AB34398EC}.Debug|Any CPU.ActiveCfg = Debug|Any CPU
		{B368D634-62CC-431F-BFAF-C26AB34398EC}.Debug|Any CPU.Build.0 = Debug|Any CPU
		{B368D634-62CC-431F-BFAF-C26AB34398EC}.Release|Any CPU.ActiveCfg = Release|Any CPU
		{B368D634-62CC-431F-BFAF-C26AB34398EC}.Release|Any CPU.Build.0 = Release|Any CPU
		{05351AEC-1A45-49E5-BD2C-C32C47D11538}.Debug|Any CPU.ActiveCfg = Debug|Any CPU
		{05351AEC-1A45-49E5-BD2C-C32C47D11538}.Debug|Any CPU.Build.0 = Debug|Any CPU
		{05351AEC-1A45-49E5-BD2C-C32C47D11538}.Release|Any CPU.ActiveCfg = Release|Any CPU
		{05351AEC-1A45-49E5-BD2C-C32C47D11538}.Release|Any CPU.Build.0 = Release|Any CPU
	EndGlobalSection
	GlobalSection(SolutionProperties) = preSolution
		HideSolutionNode = FALSE
	EndGlobalSection
	GlobalSection(ExtensibilityGlobals) = postSolution
		SolutionGuid = {2D9B3A4A-9198-4F66-9E79-9C6A01A1A845}
	EndGlobalSection
EndGlobal
